
Microsoft Visual Studio Solution File, Format Version 12.00
# Visual Studio Version 17
VisualStudioVersion = 17.8.34330.188
MinimumVisualStudioVersion = 10.0.40219.1
Project("{FAE04EC0-301F-11D3-BF4B-00C04F79EFBC}") = "MegaDesk-Woldemichael", "MegaDesk-Woldemichael\MegaDesk-Woldemichael.csproj", "{450E1636-662D-4C97-97B3-5F69DEF60485}"
EndProject
Global
	GlobalSection(SolutionConfigurationPlatforms) = preSolution
		Debug|Any CPU = Debug|Any CPU
		Release|Any CPU = Release|Any CPU
	EndGlobalSection
	GlobalSection(ProjectConfigurationPlatforms) = postSolution
		{450E1636-662D-4C97-97B3-5F69DEF60485}.Debug|Any CPU.ActiveCfg = Debug|Any CPU
		{450E1636-662D-4C97-97B3-5F69DEF60485}.Debug|Any CPU.Build.0 = Debug|Any CPU
		{450E1636-662D-4C97-97B3-5F69DEF60485}.Release|Any CPU.ActiveCfg = Release|Any CPU
		{450E1636-662D-4C97-97B3-5F69DEF60485}.Release|Any CPU.Build.0 = Release|Any CPU
	EndGlobalSection
	GlobalSection(SolutionProperties) = preSolution
		HideSolutionNode = FALSE
	EndGlobalSection
	GlobalSection(ExtensibilityGlobals) = postSolution
		SolutionGuid = {C420DE55-D63C-40E1-BA11-C3CFBEA9B482}
	EndGlobalSection
EndGlobal
